
Microsoft Visual Studio Solution File, Format Version 12.00
# Visual Studio 15
VisualStudioVersion = 15.0.27428.2002
MinimumVisualStudioVersion = 10.0.40219.1
Project("{FAE04EC0-301F-11D3-BF4B-00C04F79EFBC}") = "HomeworkDublikatList2.0", "HomeworkDublikatList2.0\HomeworkDublikatList2.0.csproj", "{EC984221-A91E-4F07-9EF3-9FEDDA48855F}"
EndProject
Global
	GlobalSection(SolutionConfigurationPlatforms) = preSolution
		Debug|Any CPU = Debug|Any CPU
		Release|Any CPU = Release|Any CPU
	EndGlobalSection
	GlobalSection(ProjectConfigurationPlatforms) = postSolution
		{EC984221-A91E-4F07-9EF3-9FEDDA48855F}.Debug|Any CPU.ActiveCfg = Debug|Any CPU
		{EC984221-A91E-4F07-9EF3-9FEDDA48855F}.Debug|Any CPU.Build.0 = Debug|Any CPU
		{EC984221-A91E-4F07-9EF3-9FEDDA48855F}.Release|Any CPU.ActiveCfg = Release|Any CPU
		{EC984221-A91E-4F07-9EF3-9FEDDA48855F}.Release|Any CPU.Build.0 = Release|Any CPU
	EndGlobalSection
	GlobalSection(SolutionProperties) = preSolution
		HideSolutionNode = FALSE
	EndGlobalSection
	GlobalSection(ExtensibilityGlobals) = postSolution
		SolutionGuid = {0DCD2705-F7EA-4268-A86E-62C3450E6670}
	EndGlobalSection
EndGlobal
